{
  "dependencies": {
    "rbenv": {
      "locked_version": "0.7.2",
      "git": "git://github.com/fnichol/chef-rbenv.git",
      "ref": "f2b53292e810dd2b43f6121f9958f5f29979dcb1"
    },
    "ruby_build": {
      "locked_version": "0.8.0"
    },
    "drupal": {
      "locked_version": "1.2.2",
      "git": "git://github.com/promet/drupal_cookbook.git",
      "ref": "be8ee24e43151be5ddc25276dd20645e0990b93b"
    },
    "composer": {
      "locked_version": "0.1.0",
      "git": "git://github.com/zircote/chef-composer.git",
      "ref": "007912436c79f0b0c1f2d1732413ac42279811c2"
    },
    "java": {
      "locked_version": "1.19.0"
    },
    "ark": {
      "locked_version": "0.4.2"
    },
    "hostsfile": {
      "locked_version": "2.4.2"
    },
    "php": {
      "locked_version": "1.3.10"
    },
    "build-essential": {
      "locked_version": "1.4.2"
    },
    "xml": {
      "locked_version": "1.2.0"
    },
    "mysql": {
      "locked_version": "3.0.12"
    },
    "openssl": {
      "locked_version": "1.1.0"
    },
    "yum-epel": {
      "locked_version": "0.2.0"
    },
    "yum": {
      "locked_version": "3.0.4"
    },
    "windows": {
      "locked_version": "1.12.6"
    },
    "chef_handler": {
      "locked_version": "1.1.4"
    },
    "iis": {
      "locked_version": "2.0.0"
    },
    "apache2": {
      "locked_version": "1.8.14"
    }
  }
}
