{
  "dependencies": {
    "rbenv": {
      "locked_version": "0.7.2",
      "git": "git://github.com/fnichol/chef-rbenv.git",
      "ref": "f2b53292e810dd2b43f6121f9958f5f29979dcb1"
    },
    "ruby_build": {
      "locked_version": "0.8.0"
    },
    "drupal": {
      "locked_version": "1.2.4",
      "git": "git://github.com/promet/drupal_cookbook.git",
      "ref": "3ab50d506d18a23d39c83dfb2a0e4db9aaae4a4d"
    },
    "composer": {
      "locked_version": "0.1.0",
      "git": "git://github.com/zircote/chef-composer.git",
      "ref": "007912436c79f0b0c1f2d1732413ac42279811c2"
    },
    "moar_php": {
      "locked_version": "0.1.1",
      "git": "git@github.com:promet/chef-moar_php",
      "ref": "f6ccc9c94a3c358fb674be762821ca6fd5aea5ce"
    },
    "promet_php": {
      "locked_version": "0.2.2",
      "git": "git@github.com:promet/promet_php-cookbook",
      "ref": "3e3063b27f9803f5a09ef84fd9d36d2d5104c7ee"
    },
    "java": {
      "locked_version": "1.19.0"
    },
    "ark": {
      "locked_version": "0.4.2"
    },
    "hostsfile": {
      "locked_version": "2.4.2"
    },
    "php": {
      "locked_version": "1.3.10"
    },
    "build-essential": {
      "locked_version": "1.4.2"
    },
    "xml": {
      "locked_version": "1.2.0"
    },
    "mysql": {
      "locked_version": "3.0.12"
    },
    "openssl": {
      "locked_version": "1.1.0"
    },
    "yum-epel": {
      "locked_version": "0.2.0"
    },
    "yum": {
      "locked_version": "3.0.4"
    },
    "windows": {
      "locked_version": "1.12.6"
    },
    "chef_handler": {
      "locked_version": "1.1.4"
    },
    "iis": {
      "locked_version": "2.0.0"
    },
    "apache2": {
      "locked_version": "1.8.14"
    },
    "apt": {
      "locked_version": "2.3.8"
    }
  }
}
