DEPENDENCIES
  composer
    git: git://github.com/zircote/chef-composer.git
    revision: 007912436c79f0b0c1f2d1732413ac42279811c2
  cronapt
    git: git://github.com/promet/cronapt-cookbook.git
    revision: 580a28d01da3d6ebd62352c7421396ec32d6e91b
  drupal
    git: git://github.com/promet/drupal_cookbook.git
    revision: 9f304e0b038131d406450065e4e62181f659b48d
    branch: hotfix-web-app
  moar_php
    git: git@github.com:promet/chef-moar_php
    revision: f6ccc9c94a3c358fb674be762821ca6fd5aea5ce
  omnibus_updater
    git: git://github.com/hw-cookbooks/omnibus_updater.git
    revision: 04d0131fdcecb0b6c82a007177faf0d163840b75
  promet-tools
    git: git://github.com/promet/promet-tools.git
    revision: d030f2f248814fc83e6ccf9a8d51f90e8f3aabe0
  promet_apache2
    git: git://github.com/promet/promet_apache2-cookbook.git
    revision: 3023866dceb5aec0613be6944d74ca59ea969022
  promet_database
    git: git://github.com/promet/promet_database.git
    revision: 896b2be5b9c2dc4bfb97875b3be99537175fbeac
  promet_mysql
    git: git://github.com/promet/promet_mysql-cookbook.git
    revision: 3eca4614f18e704975359689ecc106b6d288a730
  promet_nagios
    git: git@github.com:promet/promet_nagios
    revision: 72d3551f358f94050c05eb934b5bea3069b3720a
  promet_nginx
    git: git://github.com/promet/promet_nginx-cookbook.git
    revision: 6338ae08e328302e44125f3d40e59ca2415bc73e
  promet_php
    git: git@github.com:promet/promet_php-cookbook
    revision: 3e3063b27f9803f5a09ef84fd9d36d2d5104c7ee
  promet_postfix
    git: git://github.com/promet/promet_postfix.git
    revision: 15dcdb4b5ae3df6ec25e06ef5657805b70a6a684
  promet_rsyslog
    git: git://github.com/promet/promet_rsyslog.git
    revision: 4ce834745a5a8590e8e229a7125d09c965d9ce71
  promet_sudo
    git: git://github.com/promet/promet_sudo.git
    revision: 86bcfbbe46cb65f80d50423b6c0288f071132100
  promet_users
    git: git@github.com:promet/promet_users
    revision: 29d22aceaf08e59dbdd1c6157f205e92d7c30066
  rbenv
    git: git://github.com/fnichol/chef-rbenv.git
    revision: f2b53292e810dd2b43f6121f9958f5f29979dcb1
    branch: v0.7.2
  ruby_build

GRAPH
  apache2 (1.10.4)
    iptables (>= 0.0.0)
    logrotate (>= 0.0.0)
    pacman (>= 0.0.0)
  apt (2.4.0)
  ark (0.8.2)
  aws (2.2.2)
  bluepill (2.3.1)
    rsyslog (>= 0.0.0)
  build-essential (1.4.4)
  chef_handler (1.1.6)
  composer (0.1.0)
  cron (1.4.0)
  cronapt (0.3.0)
    apt (>= 0.0.0)
    cron (>= 0.0.0)
    postfix (>= 0.0.0)
  database (2.0.0)
    aws (>= 0.0.0)
    mysql (>= 1.3.0)
    postgresql (>= 1.0.0)
    xfs (>= 0.0.0)
  dmg (2.2.0)
  drupal (1.2.5)
    apache2 (>= 0.0.0)
    ark (>= 0.0.0)
    hostsfile (>= 0.0.0)
    php (>= 0.0.0)
  git (4.0.2)
    build-essential (>= 0.0.0)
    dmg (>= 0.0.0)
    runit (>= 1.0.0)
    windows (>= 0.0.0)
    yum (~> 3.0)
    yum-epel (>= 0.0.0)
  hostsfile (2.4.4)
  iis (2.1.2)
    windows (>= 1.2.6)
  iptables (0.13.2)
  java (1.22.0)
  logrotate (1.6.0)
  moar_php (0.1.1)
    apache2 (>= 0.0.0)
    ark (>= 0.0.0)
    php (>= 0.0.0)
  mysql (4.0.20)
    build-essential (~> 1.4)
    openssl (~> 1.1)
  nagios (5.3.4)
    apache2 (>= 0.0.0)
    build-essential (>= 0.0.0)
    nginx (>= 0.0.0)
    nginx_simplecgi (>= 0.0.0)
    php (>= 0.0.0)
    yum-epel (>= 0.0.0)
  nginx (1.8.0)
    apt (>= 0.0.0)
    build-essential (>= 0.0.0)
    ohai (>= 1.1.4)
    runit (>= 0.0.0)
    yum (>= 0.0.0)
  nginx_simplecgi (0.1.2)
    bluepill (>= 0.0.0)
    nginx (>= 0.0.0)
    perl (>= 0.0.0)
    runit (>= 0.0.0)
  ohai (2.0.0)
  omnibus_updater (1.0.0)
  openssl (1.1.0)
  pacman (1.1.1)
  partial_search (1.0.8)
  perl (1.2.2)
  php (1.3.10)
    build-essential (>= 0.0.0)
    iis (>= 0.0.0)
    mysql (>= 0.0.0)
    windows (>= 0.0.0)
    xml (>= 0.0.0)
    yum-epel (>= 0.0.0)
  postfix (3.2.0)
  postgresql (3.4.0)
    apt (>= 1.9.0)
    build-essential (>= 0.0.0)
    openssl (>= 0.0.0)
  promet-tools (0.2.0)
    apt (>= 0.0.0)
    ssh_known_hosts (>= 0.0.0)
  promet_apache2 (0.2.0)
    apache2 (>= 0.0.0)
    apt (>= 0.0.0)
  promet_database (0.2.3)
    apt (>= 0.0.0)
    database (>= 0.0.0)
    mysql (= 4.0.20)
  promet_mysql (0.2.2)
    apt (>= 0.0.0)
    mysql (= 4.0.20)
  promet_nagios (0.2.0)
    apt (>= 0.0.0)
    nagios (>= 0.0.0)
  promet_nginx (0.2.1)
    apt (>= 0.0.0)
    mysql (>= 0.0.0)
    nginx (>= 0.0.0)
    php (>= 0.0.0)
  promet_php (0.2.2)
    apache2 (>= 0.0.0)
    apt (>= 0.0.0)
    php (= 1.3.10)
  promet_postfix (0.1.0)
    apt (>= 0.0.0)
    postfix (>= 0.0.0)
  promet_rsyslog (0.2.1)
    rsyslog (>= 0.0.0)
  promet_sudo (0.1.0)
    apt (>= 0.0.0)
    sudo (>= 0.0.0)
  promet_users (0.1.1)
    apt (>= 0.0.0)
    git (>= 0.0.0)
    ssh_known_hosts (>= 0.0.0)
    sudo (>= 0.0.0)
    users (>= 0.0.0)
  rbenv (0.7.2)
    java (> 1.4.0)
    ruby_build (>= 0.0.0)
  rsyslog (1.12.2)
  ruby_build (0.8.0)
  runit (1.5.10)
    build-essential (>= 0.0.0)
    yum (~> 3.0)
    yum-epel (>= 0.0.0)
  ssh_known_hosts (1.3.2)
    partial_search (>= 0.0.0)
  sudo (2.6.0)
  users (1.7.0)
  windows (1.31.0)
    chef_handler (>= 0.0.0)
  xfs (1.1.0)
  xml (1.2.4)
    build-essential (>= 0.0.0)
  yum (3.2.0)
  yum-epel (0.3.6)
    yum (~> 3.0)
