DEPENDENCIES
  composer
    git: git://github.com/zircote/chef-composer.git
    revision: 007912436c79f0b0c1f2d1732413ac42279811c2
  drupal
    git: git://github.com/promet/drupal_cookbook.git
    revision: 9f304e0b038131d406450065e4e62181f659b48d
    branch: hotfix-web-app
  promet-tools
    git: git://github.com/promet/promet-tools.git
    revision: d030f2f248814fc83e6ccf9a8d51f90e8f3aabe0
  promet_apache2
    git: git://github.com/promet/promet_apache2-cookbook.git
    revision: 511aa1fda8f6311b1526cf89684f8702bce05e64
  promet_database
    git: git://github.com/promet/promet_database.git
    revision: 896b2be5b9c2dc4bfb97875b3be99537175fbeac
  promet_mysql
    git: git://github.com/promet/promet_mysql-cookbook.git
    revision: 3eca4614f18e704975359689ecc106b6d288a730
  promet_nginx
    git: git://github.com/promet/promet_nginx-cookbook.git
    revision: 6338ae08e328302e44125f3d40e59ca2415bc73e
  promet_php
    git: git://github.com/promet/promet_php-cookbook.git
    revision: dfd34de88f97c144fe2687101ed436693133aeb1
  promet_postfix
    git: git://github.com/promet/promet_postfix.git
    revision: 15dcdb4b5ae3df6ec25e06ef5657805b70a6a684
  promet_rsyslog
    git: git://github.com/promet/promet_rsyslog.git
    revision: 4ce834745a5a8590e8e229a7125d09c965d9ce71
  promet_sudo
    git: git://github.com/promet/promet_sudo.git
    revision: 86bcfbbe46cb65f80d50423b6c0288f071132100
  rbenv
    git: git://github.com/fnichol/chef-rbenv.git
    revision: f2b53292e810dd2b43f6121f9958f5f29979dcb1
    branch: v0.7.2
  ruby_build

GRAPH
  7-zip (1.0.2)
    windows (>= 1.2.2)
  apache2 (2.0.0)
    iptables (>= 0.0.0)
    logrotate (>= 0.0.0)
    pacman (>= 0.0.0)
  apt (2.6.0)
  ark (0.9.0)
    7-zip (>= 0.0.0)
    windows (>= 0.0.0)
  aws (2.4.0)
  build-essential (1.4.4)
  chef-sugar (2.2.0)
  chef_handler (1.1.6)
  composer (0.1.0)
  database (2.0.0)
    aws (>= 0.0.0)
    mysql (>= 1.3.0)
    postgresql (>= 1.0.0)
    xfs (>= 0.0.0)
  drupal (1.2.5)
    apache2 (>= 0.0.0)
    ark (>= 0.0.0)
    hostsfile (>= 0.0.0)
    php (>= 0.0.0)
  hostsfile (2.4.5)
  iis (2.1.5)
    windows (>= 1.2.6)
  iptables (0.14.0)
  java (1.28.0)
  logrotate (1.7.0)
  mysql (4.0.20)
    build-essential (~> 1.4)
    openssl (~> 1.1)
  nginx (1.8.0)
    apt (>= 0.0.0)
    build-essential (>= 0.0.0)
    ohai (>= 1.1.4)
    runit (>= 0.0.0)
    yum (>= 0.0.0)
  ohai (2.0.1)
  openssl (1.1.0)
  pacman (1.1.1)
  partial_search (1.0.8)
  php (1.4.6)
    build-essential (>= 0.0.0)
    iis (>= 0.0.0)
    mysql (>= 0.0.0)
    windows (>= 0.0.0)
    xml (>= 0.0.0)
    yum-epel (>= 0.0.0)
  postfix (3.6.0)
  postgresql (3.4.2)
    apt (>= 1.9.0)
    build-essential (>= 0.0.0)
    openssl (>= 0.0.0)
  promet-tools (0.2.0)
    apt (>= 0.0.0)
    ssh_known_hosts (>= 0.0.0)
  promet_apache2 (0.2.0)
    apache2 (>= 0.0.0)
    apt (>= 0.0.0)
  promet_database (0.2.3)
    apt (>= 0.0.0)
    database (>= 0.0.0)
    mysql (= 4.0.20)
  promet_mysql (0.2.2)
    apt (>= 0.0.0)
    mysql (= 4.0.20)
  promet_nginx (0.2.1)
    apt (>= 0.0.0)
    mysql (>= 0.0.0)
    nginx (>= 0.0.0)
    php (>= 0.0.0)
  promet_php (0.4.3)
    apache2 (>= 0.0.0)
    apt (>= 0.0.0)
    ark (>= 0.0.0)
    build-essential (>= 0.0.0)
    nginx (>= 0.0.0)
    yum (>= 0.0.0)
    yum-epel (>= 0.0.0)
  promet_postfix (0.1.0)
    apt (>= 0.0.0)
    postfix (>= 0.0.0)
  promet_rsyslog (0.2.1)
    rsyslog (>= 0.0.0)
  promet_sudo (0.1.0)
    apt (>= 0.0.0)
    sudo (>= 0.0.0)
  rbenv (0.7.2)
    java (> 1.4.0)
    ruby_build (>= 0.0.0)
  rsyslog (1.12.2)
  ruby_build (0.8.0)
  runit (1.5.10)
    build-essential (>= 0.0.0)
    yum (~> 3.0)
    yum-epel (>= 0.0.0)
  ssh_known_hosts (1.3.2)
    partial_search (>= 0.0.0)
  sudo (2.7.1)
  windows (1.34.6)
    chef_handler (>= 0.0.0)
  xfs (1.1.0)
  xml (1.2.6)
    build-essential (>= 0.0.0)
    chef-sugar (>= 0.0.0)
  yum (3.3.2)
  yum-epel (0.5.1)
    yum (~> 3.0)
